
Microsoft Visual Studio Solution File, Format Version 12.00
# Visual Studio Version 17
VisualStudioVersion = 17.5.002.0
MinimumVisualStudioVersion = 10.0.40219.1
Project("{9A19103F-16F7-4668-BE54-9A1E7A4F7556}") = "DesafioFundamentos", "DesafioFundamentos\DesafioFundamentos.csproj", "{D9A836C9-5EE1-4794-823F-B6A0EF62B21E}"
EndProject
Project("{FAE04EC0-301F-11D3-BF4B-00C04F79EFBC}") = "DesafioFundamentosTestes", "DesafioFundamentosTestes\DesafioFundamentosTestes.csproj", "{2DEB6868-EA92-407B-9A60-7DCBBF959084}"
EndProject
Global
	GlobalSection(SolutionConfigurationPlatforms) = preSolution
		Debug|Any CPU = Debug|Any CPU
		Release|Any CPU = Release|Any CPU
	EndGlobalSection
	GlobalSection(ProjectConfigurationPlatforms) = postSolution
		{D9A836C9-5EE1-4794-823F-B6A0EF62B21E}.Debug|Any CPU.ActiveCfg = Debug|Any CPU
		{D9A836C9-5EE1-4794-823F-B6A0EF62B21E}.Debug|Any CPU.Build.0 = Debug|Any CPU
		{D9A836C9-5EE1-4794-823F-B6A0EF62B21E}.Release|Any CPU.ActiveCfg = Release|Any CPU
		{D9A836C9-5EE1-4794-823F-B6A0EF62B21E}.Release|Any CPU.Build.0 = Release|Any CPU
		{2DEB6868-EA92-407B-9A60-7DCBBF959084}.Debug|Any CPU.ActiveCfg = Debug|Any CPU
		{2DEB6868-EA92-407B-9A60-7DCBBF959084}.Debug|Any CPU.Build.0 = Debug|Any CPU
		{2DEB6868-EA92-407B-9A60-7DCBBF959084}.Release|Any CPU.ActiveCfg = Release|Any CPU
		{2DEB6868-EA92-407B-9A60-7DCBBF959084}.Release|Any CPU.Build.0 = Release|Any CPU
	EndGlobalSection
	GlobalSection(SolutionProperties) = preSolution
		HideSolutionNode = FALSE
	EndGlobalSection
	GlobalSection(ExtensibilityGlobals) = postSolution
		SolutionGuid = {6D5E6F02-4129-45A1-BFA8-78622B925613}
	EndGlobalSection
EndGlobal
